
Microsoft Visual Studio Solution File, Format Version 12.00
# Visual Studio 2012
Project("{FAE04EC0-301F-11D3-BF4B-00C04F79EFBC}") = "SystemNetKütüphanesiİpİşlemleri", "SystemNetKütüphanesiİpİşlemleri\SystemNetKütüphanesiİpİşlemleri.csproj", "{8F9E24EE-88F7-41E0-B1F1-4BA0E04583FE}"
EndProject
Global
	GlobalSection(SolutionConfigurationPlatforms) = preSolution
		Debug|Any CPU = Debug|Any CPU
		Release|Any CPU = Release|Any CPU
	EndGlobalSection
	GlobalSection(ProjectConfigurationPlatforms) = postSolution
		{8F9E24EE-88F7-41E0-B1F1-4BA0E04583FE}.Debug|Any CPU.ActiveCfg = Debug|Any CPU
		{8F9E24EE-88F7-41E0-B1F1-4BA0E04583FE}.Debug|Any CPU.Build.0 = Debug|Any CPU
		{8F9E24EE-88F7-41E0-B1F1-4BA0E04583FE}.Release|Any CPU.ActiveCfg = Release|Any CPU
		{8F9E24EE-88F7-41E0-B1F1-4BA0E04583FE}.Release|Any CPU.Build.0 = Release|Any CPU
	EndGlobalSection
	GlobalSection(SolutionProperties) = preSolution
		HideSolutionNode = FALSE
	EndGlobalSection
EndGlobal
